github.com/pubgo/assert v0.1.13 h1:Ec4khpx4mci2Hy2SHH/+e7GzF1zENcnnHdEOLhpzGhk=
github.com/pubgo/assert v0.1.13/go.mod h1:7+t+/GMcDoh3RBiyLLQHzXxIjzAaqc/S6EPC//n4aOs=
github.com/pubgo/assert v0.1.14 h1:oWW2WYxsNHqSDC1oyy0NfEm6A9teH8zW1T2oHQddZOk=
github.com/pubgo/assert v0.1.14/go.mod h1:7+t+/GMcDoh3RBiyLLQHzXxIjzAaqc/S6EPC//n4aOs=
github.com/pubgo/assert v0.1.16 h1:hewJw4hnPhrR8bZqPdy2pBAz12oSuCjn6e0udzhkMQI=
github.com/pubgo/assert v0.1.16/go.mod h1:7+t+/GMcDoh3RBiyLLQHzXxIjzAaqc/S6EPC//n4aOs=
github.com/pubgo/assert v0.1.17 h1:XN2VMM5AwxI4AugFhuZp/wo/Ax0avLsMJ3bMfhnZb/s=
github.com/pubgo/assert v0.1.17/go.mod h1:7+t+/GMcDoh3RBiyLLQHzXxIjzAaqc/S6EPC//n4aOs=
github.com/pubgo/assert v0.1.18 h1:ZWqaaTUOo9bJa8QTO94+SgjXieCe2zN8OUp5VaGVW7w=
github.com/pubgo/assert v0.1.18/go.mod h1:7+t+/GMcDoh3RBiyLLQHzXxIjzAaqc/S6EPC//n4aOs=
github.com/pubgo/assert v0.1.20 h1:I++klniZpLXDS37e1ELIdddusX1T77aqGcj0hy7o/s8=
github.com/pubgo/assert v0.1.20/go.mod h1:7+t+/GMcDoh3RBiyLLQHzXxIjzAaqc/S6EPC//n4aOs=
