github.com/pubgo/assert v0.1.13 h1:Ec4khpx4mci2Hy2SHH/+e7GzF1zENcnnHdEOLhpzGhk=
github.com/pubgo/assert v0.1.13/go.mod h1:7+t+/GMcDoh3RBiyLLQHzXxIjzAaqc/S6EPC//n4aOs=
github.com/pubgo/assert v0.1.14 h1:oWW2WYxsNHqSDC1oyy0NfEm6A9teH8zW1T2oHQddZOk=
github.com/pubgo/assert v0.1.14/go.mod h1:7+t+/GMcDoh3RBiyLLQHzXxIjzAaqc/S6EPC//n4aOs=
